
Microsoft Visual Studio Solution File, Format Version 12.00
# Visual Studio Version 17
VisualStudioVersion = 17.1.32228.430
MinimumVisualStudioVersion = 10.0.40219.1
Project("{9A19103F-16F7-4668-BE54-9A1E7A4F7556}") = "ApiClientes.Services", "ApiClientes.Services\ApiClientes.Services.csproj", "{AE4A6151-AF1C-4C07-A5FF-82E7C0324197}"
EndProject
Project("{2150E333-8FDC-42A3-9474-1A3956D46DE8}") = "1 - Services Layer", "1 - Services Layer", "{4DC3F8BB-75EF-4935-995C-C10D0BDC59C1}"
EndProject
Project("{2150E333-8FDC-42A3-9474-1A3956D46DE8}") = "2 - InfraStructure Layer", "2 - InfraStructure Layer", "{4D55C010-D55E-4192-BEAA-F900AB2F68E0}"
EndProject
Project("{9A19103F-16F7-4668-BE54-9A1E7A4F7556}") = "ApiClientes.Infra.Data", "ApiClientes.Infra.Data\ApiClientes.Infra.Data.csproj", "{7C2C4BDB-FF49-4DF3-9459-CCB3A2B2DEA3}"
EndProject
Project("{2150E333-8FDC-42A3-9474-1A3956D46DE8}") = "3 - Tests", "3 - Tests", "{0AAE248E-DBD7-447E-9178-D4D7359AFAC8}"
EndProject
Project("{FAE04EC0-301F-11D3-BF4B-00C04F79EFBC}") = "ApiClientes.Tests", "ApiCliente.Tests\ApiClientes.Tests.csproj", "{84FEA139-8816-4015-BC21-D3F785D32793}"
EndProject
Project("{2150E333-8FDC-42A3-9474-1A3956D46DE8}") = "Solution Items", "Solution Items", "{5885F08F-B87C-4A4E-B7B7-AACA93847B07}"
	ProjectSection(SolutionItems) = preProject
		.editorconfig = .editorconfig
	EndProjectSection
EndProject
Global
	GlobalSection(SolutionConfigurationPlatforms) = preSolution
		Debug|Any CPU = Debug|Any CPU
		Release|Any CPU = Release|Any CPU
	EndGlobalSection
	GlobalSection(ProjectConfigurationPlatforms) = postSolution
		{AE4A6151-AF1C-4C07-A5FF-82E7C0324197}.Debug|Any CPU.ActiveCfg = Debug|Any CPU
		{AE4A6151-AF1C-4C07-A5FF-82E7C0324197}.Debug|Any CPU.Build.0 = Debug|Any CPU
		{AE4A6151-AF1C-4C07-A5FF-82E7C0324197}.Release|Any CPU.ActiveCfg = Release|Any CPU
		{AE4A6151-AF1C-4C07-A5FF-82E7C0324197}.Release|Any CPU.Build.0 = Release|Any CPU
		{7C2C4BDB-FF49-4DF3-9459-CCB3A2B2DEA3}.Debug|Any CPU.ActiveCfg = Debug|Any CPU
		{7C2C4BDB-FF49-4DF3-9459-CCB3A2B2DEA3}.Debug|Any CPU.Build.0 = Debug|Any CPU
		{7C2C4BDB-FF49-4DF3-9459-CCB3A2B2DEA3}.Release|Any CPU.ActiveCfg = Release|Any CPU
		{7C2C4BDB-FF49-4DF3-9459-CCB3A2B2DEA3}.Release|Any CPU.Build.0 = Release|Any CPU
		{84FEA139-8816-4015-BC21-D3F785D32793}.Debug|Any CPU.ActiveCfg = Debug|Any CPU
		{84FEA139-8816-4015-BC21-D3F785D32793}.Debug|Any CPU.Build.0 = Debug|Any CPU
		{84FEA139-8816-4015-BC21-D3F785D32793}.Release|Any CPU.ActiveCfg = Release|Any CPU
		{84FEA139-8816-4015-BC21-D3F785D32793}.Release|Any CPU.Build.0 = Release|Any CPU
	EndGlobalSection
	GlobalSection(SolutionProperties) = preSolution
		HideSolutionNode = FALSE
	EndGlobalSection
	GlobalSection(NestedProjects) = preSolution
		{AE4A6151-AF1C-4C07-A5FF-82E7C0324197} = {4DC3F8BB-75EF-4935-995C-C10D0BDC59C1}
		{7C2C4BDB-FF49-4DF3-9459-CCB3A2B2DEA3} = {4D55C010-D55E-4192-BEAA-F900AB2F68E0}
		{84FEA139-8816-4015-BC21-D3F785D32793} = {0AAE248E-DBD7-447E-9178-D4D7359AFAC8}
	EndGlobalSection
	GlobalSection(ExtensibilityGlobals) = postSolution
		SolutionGuid = {A6A976F6-A55B-4359-AB43-2F269F33DE3A}
	EndGlobalSection
EndGlobal
